
Microsoft Visual Studio Solution File, Format Version 12.00
# Visual Studio Version 16
VisualStudioVersion = 16.0.30804.86
MinimumVisualStudioVersion = 10.0.40219.1
Project("{9A19103F-16F7-4668-BE54-9A1E7A4F7556}") = "CmdTempo", "CmdTempo\CmdTempo.csproj", "{F550B216-9EFF-4E49-BFA2-44AA5E59A5BB}"
EndProject
Project("{9A19103F-16F7-4668-BE54-9A1E7A4F7556}") = "LibTempo", "LibTempo\LibTempo.csproj", "{CAAD3A20-9F3B-4A3A-8CE1-6B59DAF3455E}"
EndProject
Project("{9A19103F-16F7-4668-BE54-9A1E7A4F7556}") = "TestTempo", "TestTempo\TestTempo.csproj", "{5C9EE52D-0BF4-4CDD-A5B9-6B6C192710D3}"
EndProject
Global
	GlobalSection(SolutionConfigurationPlatforms) = preSolution
		Debug|Any CPU = Debug|Any CPU
		Release|Any CPU = Release|Any CPU
	EndGlobalSection
	GlobalSection(ProjectConfigurationPlatforms) = postSolution
		{F550B216-9EFF-4E49-BFA2-44AA5E59A5BB}.Debug|Any CPU.ActiveCfg = Debug|Any CPU
		{F550B216-9EFF-4E49-BFA2-44AA5E59A5BB}.Debug|Any CPU.Build.0 = Debug|Any CPU
		{F550B216-9EFF-4E49-BFA2-44AA5E59A5BB}.Release|Any CPU.ActiveCfg = Release|Any CPU
		{F550B216-9EFF-4E49-BFA2-44AA5E59A5BB}.Release|Any CPU.Build.0 = Release|Any CPU
		{CAAD3A20-9F3B-4A3A-8CE1-6B59DAF3455E}.Debug|Any CPU.ActiveCfg = Debug|Any CPU
		{CAAD3A20-9F3B-4A3A-8CE1-6B59DAF3455E}.Debug|Any CPU.Build.0 = Debug|Any CPU
		{CAAD3A20-9F3B-4A3A-8CE1-6B59DAF3455E}.Release|Any CPU.ActiveCfg = Release|Any CPU
		{CAAD3A20-9F3B-4A3A-8CE1-6B59DAF3455E}.Release|Any CPU.Build.0 = Release|Any CPU
		{5C9EE52D-0BF4-4CDD-A5B9-6B6C192710D3}.Debug|Any CPU.ActiveCfg = Debug|Any CPU
		{5C9EE52D-0BF4-4CDD-A5B9-6B6C192710D3}.Debug|Any CPU.Build.0 = Debug|Any CPU
		{5C9EE52D-0BF4-4CDD-A5B9-6B6C192710D3}.Release|Any CPU.ActiveCfg = Release|Any CPU
		{5C9EE52D-0BF4-4CDD-A5B9-6B6C192710D3}.Release|Any CPU.Build.0 = Release|Any CPU
	EndGlobalSection
	GlobalSection(SolutionProperties) = preSolution
		HideSolutionNode = FALSE
	EndGlobalSection
	GlobalSection(ExtensibilityGlobals) = postSolution
		SolutionGuid = {2DFCC317-C553-43E7-92B5-120B666B1A8F}
	EndGlobalSection
EndGlobal
